
Microsoft Visual Studio Solution File, Format Version 12.00
# Visual Studio Version 17
VisualStudioVersion = 17.11.35312.102
MinimumVisualStudioVersion = 10.0.40219.1
Project("{FAE04EC0-301F-11D3-BF4B-00C04F79EFBC}") = "PolimorfismoTareaP2", "PolimorfismoTareaP2\PolimorfismoTareaP2.csproj", "{565001D8-A3C7-4DC4-81B6-706AD1DD7937}"
EndProject
Global
	GlobalSection(SolutionConfigurationPlatforms) = preSolution
		Debug|Any CPU = Debug|Any CPU
		Release|Any CPU = Release|Any CPU
	EndGlobalSection
	GlobalSection(ProjectConfigurationPlatforms) = postSolution
		{565001D8-A3C7-4DC4-81B6-706AD1DD7937}.Debug|Any CPU.ActiveCfg = Debug|Any CPU
		{565001D8-A3C7-4DC4-81B6-706AD1DD7937}.Debug|Any CPU.Build.0 = Debug|Any CPU
		{565001D8-A3C7-4DC4-81B6-706AD1DD7937}.Release|Any CPU.ActiveCfg = Release|Any CPU
		{565001D8-A3C7-4DC4-81B6-706AD1DD7937}.Release|Any CPU.Build.0 = Release|Any CPU
	EndGlobalSection
	GlobalSection(SolutionProperties) = preSolution
		HideSolutionNode = FALSE
	EndGlobalSection
	GlobalSection(ExtensibilityGlobals) = postSolution
		SolutionGuid = {FC1818E3-EC1C-4D39-8604-0DB7A2CDFA28}
	EndGlobalSection
EndGlobal
